
Microsoft Visual Studio Solution File, Format Version 12.00
# Visual Studio Version 16
VisualStudioVersion = 16.0.30330.147
MinimumVisualStudioVersion = 10.0.40219.1
Project("{FAE04EC0-301F-11D3-BF4B-00C04F79EFBC}") = "Market_otomasyon", "Market_otomasyon\Market_otomasyon.csproj", "{DA5936DA-2F79-45F3-8D88-94279317B9ED}"
EndProject
Global
	GlobalSection(SolutionConfigurationPlatforms) = preSolution
		Debug|Any CPU = Debug|Any CPU
		Release|Any CPU = Release|Any CPU
	EndGlobalSection
	GlobalSection(ProjectConfigurationPlatforms) = postSolution
		{DA5936DA-2F79-45F3-8D88-94279317B9ED}.Debug|Any CPU.ActiveCfg = Debug|Any CPU
		{DA5936DA-2F79-45F3-8D88-94279317B9ED}.Debug|Any CPU.Build.0 = Debug|Any CPU
		{DA5936DA-2F79-45F3-8D88-94279317B9ED}.Release|Any CPU.ActiveCfg = Release|Any CPU
		{DA5936DA-2F79-45F3-8D88-94279317B9ED}.Release|Any CPU.Build.0 = Release|Any CPU
	EndGlobalSection
	GlobalSection(SolutionProperties) = preSolution
		HideSolutionNode = FALSE
	EndGlobalSection
	GlobalSection(ExtensibilityGlobals) = postSolution
		SolutionGuid = {B53309CC-B79E-46DE-A22F-DB32336EEBC5}
	EndGlobalSection
EndGlobal
